# This file is automatically @generated by Cargo.
# It is not intended for manual editing.
version = 3

[[package]]
name = "colour"
version = "2.0.0"
source = "registry+https://github.com/rust-lang/crates.io-index"
checksum = "692e39ee1f14432931eb080a5e8e8930a7eff3d19e638cd04091534ebc40b928"

[[package]]
name = "euler"
version = "0.1.0"
dependencies = [
 "colour",
]
